
Microsoft Visual Studio Solution File, Format Version 12.00
# Visual Studio Version 16
VisualStudioVersion = 16.0.33214.272
MinimumVisualStudioVersion = 10.0.40219.1
Project("{9A19103F-16F7-4668-BE54-9A1E7A4F7556}") = "mission2DiceSim", "mission2DiceSim\mission2DiceSim.csproj", "{004A8336-5D23-40DB-9348-493F1CA5C774}"
EndProject
Global
	GlobalSection(SolutionConfigurationPlatforms) = preSolution
		Debug|Any CPU = Debug|Any CPU
		Release|Any CPU = Release|Any CPU
	EndGlobalSection
	GlobalSection(ProjectConfigurationPlatforms) = postSolution
		{004A8336-5D23-40DB-9348-493F1CA5C774}.Debug|Any CPU.ActiveCfg = Debug|Any CPU
		{004A8336-5D23-40DB-9348-493F1CA5C774}.Debug|Any CPU.Build.0 = Debug|Any CPU
		{004A8336-5D23-40DB-9348-493F1CA5C774}.Release|Any CPU.ActiveCfg = Release|Any CPU
		{004A8336-5D23-40DB-9348-493F1CA5C774}.Release|Any CPU.Build.0 = Release|Any CPU
	EndGlobalSection
	GlobalSection(SolutionProperties) = preSolution
		HideSolutionNode = FALSE
	EndGlobalSection
	GlobalSection(ExtensibilityGlobals) = postSolution
		SolutionGuid = {CD114511-FF85-42F7-9E06-78C79F3A64AA}
	EndGlobalSection
EndGlobal
